
Microsoft Visual Studio Solution File, Format Version 12.00
# Visual Studio Version 17
VisualStudioVersion = 17.5.33502.453
MinimumVisualStudioVersion = 10.0.40219.1
Project("{FAE04EC0-301F-11D3-BF4B-00C04F79EFBC}") = "UmbracoFirstProject", "UmbracoFirstProject\UmbracoFirstProject.csproj", "{96804C40-0BF0-4F50-A70D-3A7F0FBB0EF9}"
EndProject
Global
	GlobalSection(SolutionConfigurationPlatforms) = preSolution
		Debug|Any CPU = Debug|Any CPU
		Release|Any CPU = Release|Any CPU
	EndGlobalSection
	GlobalSection(ProjectConfigurationPlatforms) = postSolution
		{96804C40-0BF0-4F50-A70D-3A7F0FBB0EF9}.Debug|Any CPU.ActiveCfg = Debug|Any CPU
		{96804C40-0BF0-4F50-A70D-3A7F0FBB0EF9}.Debug|Any CPU.Build.0 = Debug|Any CPU
		{96804C40-0BF0-4F50-A70D-3A7F0FBB0EF9}.Release|Any CPU.ActiveCfg = Release|Any CPU
		{96804C40-0BF0-4F50-A70D-3A7F0FBB0EF9}.Release|Any CPU.Build.0 = Release|Any CPU
	EndGlobalSection
	GlobalSection(SolutionProperties) = preSolution
		HideSolutionNode = FALSE
	EndGlobalSection
	GlobalSection(ExtensibilityGlobals) = postSolution
		SolutionGuid = {3284CB66-2B9B-4CBE-90E8-3E8BBE60EA47}
	EndGlobalSection
EndGlobal
